{
  "name": "5.9",
  "lockfileVersion": 3,
  "requires": true,
  "packages": {
    "": {
      "dependencies": {
        "types-registry": "^0.1.769"
      },
      "devDependencies": {
        "@types/archiver": "^7.0.0",
        "@types/asn1": "^0.2.4",
        "@types/async": "^3.2.25",
        "@types/bcrypt": "^6.0.0",
        "@types/body-parser": "^1.19.6",
        "@types/bytes": "^3.1.5",
        "@types/compressible": "^2.0.3",
        "@types/compression": "^1.8.1",
        "@types/cookie-parser": "^1.4.10",
        "@types/cookie-signature": "^1.1.2",
        "@types/debug": "^4.1.13",
        "@types/express": "^5.0.6",
        "@types/jsonwebtoken": "^9.0.10",
        "@types/jws": "^3.2.11",
        "@types/lodash.includes": "^4.3.9",
        "@types/lodash.isboolean": "^3.0.9",
        "@types/lodash.isinteger": "^4.0.9",
        "@types/lodash.isnumber": "^3.0.9",
        "@types/lodash.isplainobject": "^4.0.9",
        "@types/lodash.isstring": "^4.0.9",
        "@types/lodash.once": "^4.1.9",
        "@types/mime-db": "^1.43.6",
        "@types/negotiator": "^0.6.4",
        "@types/node": "^25.7.0",
        "@types/nodemailer": "^8.0.0",
        "@types/on-headers": "^1.0.4",
        "@types/react": "^19.2.14",
        "@types/readable-stream": "^4.0.23",
        "@types/readdir-glob": "^1.1.5",
        "@types/serve-static": "^2.2.0",
        "@types/ssh2": "^1.15.5",
        "@types/tar-stream": "^3.1.4",
        "@types/vary": "^1.1.3",
        "@types/ws": "^8.18.1",
        "@types/zip-stream": "^7.0.0"
      }
    },
    "node_modules/@types/archiver": {
      "version": "7.0.0",
      "resolved": "https://registry.npmjs.org/@types/archiver/-/archiver-7.0.0.tgz",
      "integrity": "sha512-/3vwGwx9n+mCQdYZ2IKGGHEFL30I96UgBlk8EtRDDFQ9uxM1l4O5Ci6r00EMAkiDaTqD9DQ6nVrWRICnBPtzzg==",
      "dev": true,
      "license": "MIT",
      "dependencies": {
        "@types/readdir-glob": "*"
      }
    },
    "node_modules/@types/asn1": {
      "version": "0.2.4",
      "resolved": "https://registry.npmjs.org/@types/asn1/-/asn1-0.2.4.tgz",
      "integrity": "sha512-V91DSJ2l0h0gRhVP4oBfBzRBN9lAbPUkGDMCnwedqPKX2d84aAMc9CulOvxdw1f7DfEYx99afab+Rsm3e52jhA==",
      "dev": true,
      "license": "MIT",
      "dependencies": {
        "@types/node": "*"
      }
    },
    "node_modules/@types/async": {
      "version": "3.2.25",
      "resolved": "https://registry.npmjs.org/@types/async/-/async-3.2.25.tgz",
      "integrity": "sha512-O6Th/DI18XjrL9TX8LO9F/g26qAz5vynmQqlXt/qLGrskvzCKXKc5/tATz3G2N6lM8eOf3M8/StB14FncAmocg==",
      "dev": true,
      "license": "MIT"
    },
    "node_modules/@types/bcrypt": {
      "version": "6.0.0",
      "resolved": "https://registry.npmjs.org/@types/bcrypt/-/bcrypt-6.0.0.tgz",
      "integrity": "sha512-/oJGukuH3D2+D+3H4JWLaAsJ/ji86dhRidzZ/Od7H/i8g+aCmvkeCc6Ni/f9uxGLSQVCRZkX2/lqEFG2BvWtlQ==",
      "dev": true,
      "license": "MIT",
      "dependencies": {
        "@types/node": "*"
      }
    },
    "node_modules/@types/body-parser": {
      "version": "1.19.6",
      "resolved": "https://registry.npmjs.org/@types/body-parser/-/body-parser-1.19.6.tgz",
      "integrity": "sha512-HLFeCYgz89uk22N5Qg3dvGvsv46B8GLvKKo1zKG4NybA8U2DiEO3w9lqGg29t/tfLRJpJ6iQxnVw4OnB7MoM9g==",
      "dev": true,
      "license": "MIT",
      "dependencies": {
        "@types/connect": "*",
        "@types/node": "*"
      }
    },
    "node_modules/@types/bytes": {
      "version": "3.1.5",
      "resolved": "https://registry.npmjs.org/@types/bytes/-/bytes-3.1.5.tgz",
      "integrity": "sha512-VgZkrJckypj85YxEsEavcMmmSOIzkUHqWmM4CCyia5dc54YwsXzJ5uT4fYxBQNEXx+oF1krlhgCbvfubXqZYsQ==",
      "dev": true,
      "license": "MIT"
    },
    "node_modules/@types/compress-commons": {
      "version": "7.0.1",
      "resolved": "https://registry.npmjs.org/@types/compress-commons/-/compress-commons-7.0.1.tgz",
      "integrity": "sha512-2MNs8Qv4HRZIYAmDhUqBkPTU6qj4hqB4eKczIw68e899FXY0NMVjGZsi8B3i50HsbVaTe8q9GgTIqVbhbS9aHA==",
      "dev": true,
      "license": "MIT",
      "dependencies": {
        "@types/crc32-stream": "*",
        "@types/node": "*",
        "@types/readable-stream": "*"
      }
    },
    "node_modules/@types/compressible": {
      "version": "2.0.3",
      "resolved": "https://registry.npmjs.org/@types/compressible/-/compressible-2.0.3.tgz",
      "integrity": "sha512-ywiUZGaJqaYMIzAFslaNq3GzaAKT+Hwq0Yh1wULe3HLCdr1+cfd5RQTLQUR7MMbIedlGrotRVcfqiY4R7K9QAQ==",
      "dev": true,
      "license": "MIT"
    },
    "node_modules/@types/compression": {
      "version": "1.8.1",
      "resolved": "https://registry.npmjs.org/@types/compression/-/compression-1.8.1.tgz",
      "integrity": "sha512-kCFuWS0ebDbmxs0AXYn6e2r2nrGAb5KwQhknjSPSPgJcGd8+HVSILlUyFhGqML2gk39HcG7D1ydW9/qpYkN00Q==",
      "dev": true,
      "license": "MIT",
      "dependencies": {
        "@types/express": "*",
        "@types/node": "*"
      }
    },
    "node_modules/@types/connect": {
      "version": "3.4.38",
      "resolved": "https://registry.npmjs.org/@types/connect/-/connect-3.4.38.tgz",
      "integrity": "sha512-K6uROf1LD88uDQqJCktA4yzL1YYAK6NgfsI0v/mTgyPKWsX1CnJ0XPSDhViejru1GcRkLWb8RlzFYJRqGUbaug==",
      "dev": true,
      "license": "MIT",
      "dependencies": {
        "@types/node": "*"
      }
    },
    "node_modules/@types/cookie-parser": {
      "version": "1.4.10",
      "resolved": "https://registry.npmjs.org/@types/cookie-parser/-/cookie-parser-1.4.10.tgz",
      "integrity": "sha512-B4xqkqfZ8Wek+rCOeRxsjMS9OgvzebEzzLYw7NHYuvzb7IdxOkI0ZHGgeEBX4PUM7QGVvNSK60T3OvWj3YfBRg==",
      "dev": true,
      "license": "MIT",
      "peerDependencies": {
        "@types/express": "*"
      }
    },
    "node_modules/@types/cookie-signature": {
      "version": "1.1.2",
      "resolved": "https://registry.npmjs.org/@types/cookie-signature/-/cookie-signature-1.1.2.tgz",
      "integrity": "sha512-2OhrZV2LVnUAXklUFwuYUTokalh/dUb8rqt70OW6ByMSxYpauPZ+kfNLknX3aJyjY5iu8i3cUyoLZP9Fn37tTg==",
      "dev": true,
      "license": "MIT",
      "dependencies": {
        "@types/node": "*"
      }
    },
    "node_modules/@types/crc32-stream": {
      "version": "4.0.3",
      "resolved": "https://registry.npmjs.org/@types/crc32-stream/-/crc32-stream-4.0.3.tgz",
      "integrity": "sha512-DTag28dyA2A3yVTijkx5dfrTCE+5RC+XdWthkQOl2CCCdptgm/3rqwJsNdN5mljOKylf0mYv9KZl4FRaa2X8qA==",
      "dev": true,
      "license": "MIT",
      "dependencies": {
        "@types/node": "*"
      }
    },
    "node_modules/@types/debug": {
      "version": "4.1.13",
      "resolved": "https://registry.npmjs.org/@types/debug/-/debug-4.1.13.tgz",
      "integrity": "sha512-KSVgmQmzMwPlmtljOomayoR89W4FynCAi3E8PPs7vmDVPe84hT+vGPKkJfThkmXs0x0jAaa9U8uW8bbfyS2fWw==",
      "dev": true,
      "license": "MIT",
      "dependencies": {
        "@types/ms": "*"
      }
    },
    "node_modules/@types/express": {
      "version": "5.0.6",
      "resolved": "https://registry.npmjs.org/@types/express/-/express-5.0.6.tgz",
      "integrity": "sha512-sKYVuV7Sv9fbPIt/442koC7+IIwK5olP1KWeD88e/idgoJqDm3JV/YUiPwkoKK92ylff2MGxSz1CSjsXelx0YA==",
      "dev": true,
      "license": "MIT",
      "peer": true,
      "dependencies": {
        "@types/body-parser": "*",
        "@types/express-serve-static-core": "^5.0.0",
        "@types/serve-static": "^2"
      }
    },
    "node_modules/@types/express-serve-static-core": {
      "version": "5.1.1",
      "resolved": "https://registry.npmjs.org/@types/express-serve-static-core/-/express-serve-static-core-5.1.1.tgz",
      "integrity": "sha512-v4zIMr/cX7/d2BpAEX3KNKL/JrT1s43s96lLvvdTmza1oEvDudCqK9aF/djc/SWgy8Yh0h30TZx5VpzqFCxk5A==",
      "dev": true,
      "license": "MIT",
      "dependencies": {
        "@types/node": "*",
        "@types/qs": "*",
        "@types/range-parser": "*",
        "@types/send": "*"
      }
    },
    "node_modules/@types/http-errors": {
      "version": "2.0.5",
      "resolved": "https://registry.npmjs.org/@types/http-errors/-/http-errors-2.0.5.tgz",
      "integrity": "sha512-r8Tayk8HJnX0FztbZN7oVqGccWgw98T/0neJphO91KkmOzug1KkofZURD4UaD5uH8AqcFLfdPErnBod0u71/qg==",
      "dev": true,
      "license": "MIT"
    },
    "node_modules/@types/jsonwebtoken": {
      "version": "9.0.10",
      "resolved": "https://registry.npmjs.org/@types/jsonwebtoken/-/jsonwebtoken-9.0.10.tgz",
      "integrity": "sha512-asx5hIG9Qmf/1oStypjanR7iKTv0gXQ1Ov/jfrX6kS/EO0OFni8orbmGCn0672NHR3kXHwpAwR+B368ZGN/2rA==",
      "dev": true,
      "license": "MIT",
      "dependencies": {
        "@types/ms": "*",
        "@types/node": "*"
      }
    },
    "node_modules/@types/jws": {
      "version": "3.2.11",
      "resolved": "https://registry.npmjs.org/@types/jws/-/jws-3.2.11.tgz",
      "integrity": "sha512-OOaTrLV6XdF1XvBgMeH1MjNuOaGCrRZWNSIds1AQaRgLdOWlAk2yMsfrJn+ekLgUow3xksWIM231lyFab7mHHw==",
      "dev": true,
      "license": "MIT",
      "dependencies": {
        "@types/node": "*"
      }
    },
    "node_modules/@types/lodash": {
      "version": "4.17.24",
      "resolved": "https://registry.npmjs.org/@types/lodash/-/lodash-4.17.24.tgz",
      "integrity": "sha512-gIW7lQLZbue7lRSWEFql49QJJWThrTFFeIMJdp3eH4tKoxm1OvEPg02rm4wCCSHS0cL3/Fizimb35b7k8atwsQ==",
      "dev": true,
      "license": "MIT"
    },
    "node_modules/@types/lodash.includes": {
      "version": "4.3.9",
      "resolved": "https://registry.npmjs.org/@types/lodash.includes/-/lodash.includes-4.3.9.tgz",
      "integrity": "sha512-7C8iSjgrmEb2O1FDIjGELp8vsaK0LI+PpkaG/wS+j7AXUYJEX2/KSLYZFBsrSnET5atv9wUHBHn9WQv0FcIjLA==",
      "dev": true,
      "license": "MIT",
      "dependencies": {
        "@types/lodash": "*"
      }
    },
    "node_modules/@types/lodash.isboolean": {
      "version": "3.0.9",
      "resolved": "https://registry.npmjs.org/@types/lodash.isboolean/-/lodash.isboolean-3.0.9.tgz",
      "integrity": "sha512-7hl4ugsNFdRMKa9ORc46F4f10xJtQ1kMFI20IymakKEOzY5T4Xq5UBz+th3B9BpFuKmgSYGB725HscoqHAmPNQ==",
      "dev": true,
      "license": "MIT",
      "dependencies": {
        "@types/lodash": "*"
      }
    },
    "node_modules/@types/lodash.isinteger": {
      "version": "4.0.9",
      "resolved": "https://registry.npmjs.org/@types/lodash.isinteger/-/lodash.isinteger-4.0.9.tgz",
      "integrity": "sha512-UdOTg2SaocDAJccKnWPnLnmDok5WwqSivn71XsHphENLMYVOB9oi9PQejfM4SWn7/cWgMcSXkg/TUu726Fn2Xw==",
      "dev": true,
      "license": "MIT",
      "dependencies": {
        "@types/lodash": "*"
      }
    },
    "node_modules/@types/lodash.isnumber": {
      "version": "3.0.9",
      "resolved": "https://registry.npmjs.org/@types/lodash.isnumber/-/lodash.isnumber-3.0.9.tgz",
      "integrity": "sha512-hAACPcK8mOZwe1kKoMLC0mM/EA+W5H36amfPsLTA4bWnL4rdKJsQ5pbUnVkcbnq/n4ibtNfHum7oLJFQlay/xA==",
      "dev": true,
      "license": "MIT",
      "dependencies": {
        "@types/lodash": "*"
      }
    },
    "node_modules/@types/lodash.isplainobject": {
      "version": "4.0.9",
      "resolved": "https://registry.npmjs.org/@types/lodash.isplainobject/-/lodash.isplainobject-4.0.9.tgz",
      "integrity": "sha512-QC8nKcap5hRrbtIaPRjUMlcXXnLeayqQZPSaWJDx3xeuN17+2PW5wkmEJ4+lZgNnQRlSPzxjTYKCfV1uTnPaEg==",
      "dev": true,
      "license": "MIT",
      "dependencies": {
        "@types/lodash": "*"
      }
    },
    "node_modules/@types/lodash.isstring": {
      "version": "4.0.9",
      "resolved": "https://registry.npmjs.org/@types/lodash.isstring/-/lodash.isstring-4.0.9.tgz",
      "integrity": "sha512-sjGPpa15VBpMns/4s6Blm567JgxLVVu/eCYCe7h/TdQyPCz9lIhaLSISjN7ZC9cDXmUT2IM/4mNRw8OtYirziw==",
      "dev": true,
      "license": "MIT",
      "dependencies": {
        "@types/lodash": "*"
      }
    },
    "node_modules/@types/lodash.once": {
      "version": "4.1.9",
      "resolved": "https://registry.npmjs.org/@types/lodash.once/-/lodash.once-4.1.9.tgz",
      "integrity": "sha512-nvZ7GYfyZB6CUmXL+7HSXg53rFpc49FsKuRmMiCIGhgJB/yyTip8uHk4mxGyVJOl87dXPlf3qy42WsjOcIrnmg==",
      "dev": true,
      "license": "MIT",
      "dependencies": {
        "@types/lodash": "*"
      }
    },
    "node_modules/@types/mime-db": {
      "version": "1.43.6",
      "resolved": "https://registry.npmjs.org/@types/mime-db/-/mime-db-1.43.6.tgz",
      "integrity": "sha512-r2cqxAt/Eo5yWBOQie1lyM1JZFCiORa5xtLlhSZI0w8RJggBPKw8c4g/fgQCzWydaDR5bL4imnmix2d1n52iBw==",
      "dev": true,
      "license": "MIT"
    },
    "node_modules/@types/ms": {
      "version": "2.1.0",
      "resolved": "https://registry.npmjs.org/@types/ms/-/ms-2.1.0.tgz",
      "integrity": "sha512-GsCCIZDE/p3i96vtEqx+7dBUGXrc7zeSK3wwPHIaRThS+9OhWIXRqzs4d6k1SVU8g91DrNRWxWUGhp5KXQb2VA==",
      "dev": true,
      "license": "MIT"
    },
    "node_modules/@types/negotiator": {
      "version": "0.6.4",
      "resolved": "https://registry.npmjs.org/@types/negotiator/-/negotiator-0.6.4.tgz",
      "integrity": "sha512-elf6BsTq+AkyNsb2h5cGNst2Mc7dPliVoAPm1fXglC/BM3f2pFA40BaSSv3E5lyHteEawVKLP+8TwiY1DMNb3A==",
      "dev": true,
      "license": "MIT"
    },
    "node_modules/@types/node": {
      "version": "25.7.0",
      "resolved": "https://registry.npmjs.org/@types/node/-/node-25.7.0.tgz",
      "integrity": "sha512-z+pdZyxE+RTQE9AcboAZCb4otwcrvgHD+GlBpPgn0emDVt0ohrTMhAwlr2Wd9nZ+nihhYFxO2pThz3C5qSu2Eg==",
      "dev": true,
      "license": "MIT",
      "dependencies": {
        "undici-types": "~7.21.0"
      }
    },
    "node_modules/@types/nodemailer": {
      "version": "8.0.0",
      "resolved": "https://registry.npmjs.org/@types/nodemailer/-/nodemailer-8.0.0.tgz",
      "integrity": "sha512-fyf8jWULsCo0d0BuoQ75i6IeoHs47qcqxWc7yUdUcV0pOZGjUTTOvwdG1PRXUDqN/8A64yQdQdnA2pZgcdi+cA==",
      "dev": true,
      "license": "MIT",
      "dependencies": {
        "@types/node": "*"
      }
    },
    "node_modules/@types/on-headers": {
      "version": "1.0.4",
      "resolved": "https://registry.npmjs.org/@types/on-headers/-/on-headers-1.0.4.tgz",
      "integrity": "sha512-D8Dy7oiM4fFQPA1TtHVTGPFNgCCYY132dTFLezhvlPiiiyKkuW6tVipPXpUOiuTUu8Kzd+ASKjULvZld197Dhw==",
      "dev": true,
      "license": "MIT",
      "dependencies": {
        "@types/node": "*"
      }
    },
    "node_modules/@types/qs": {
      "version": "6.15.1",
      "resolved": "https://registry.npmjs.org/@types/qs/-/qs-6.15.1.tgz",
      "integrity": "sha512-GZHUBZR9hckSUhrxmp1nG6NwdpM9fCunJwyThLW1X3AyHgd9IlHb6VANpQQqDr2o/qQp6McZ3y/IA2rVzKzSbw==",
      "dev": true,
      "license": "MIT"
    },
    "node_modules/@types/range-parser": {
      "version": "1.2.7",
      "resolved": "https://registry.npmjs.org/@types/range-parser/-/range-parser-1.2.7.tgz",
      "integrity": "sha512-hKormJbkJqzQGhziax5PItDUTMAM9uE2XXQmM37dyd4hVM+5aVl7oVxMVUiVQn2oCQFN/LKCZdvSM0pFRqbSmQ==",
      "dev": true,
      "license": "MIT"
    },
    "node_modules/@types/react": {
      "version": "19.2.14",
      "resolved": "https://registry.npmjs.org/@types/react/-/react-19.2.14.tgz",
      "integrity": "sha512-ilcTH/UniCkMdtexkoCN0bI7pMcJDvmQFPvuPvmEaYA/NSfFTAgdUSLAoVjaRJm7+6PvcM+q1zYOwS4wTYMF9w==",
      "dev": true,
      "license": "MIT",
      "dependencies": {
        "csstype": "^3.2.2"
      }
    },
    "node_modules/@types/readable-stream": {
      "version": "4.0.23",
      "resolved": "https://registry.npmjs.org/@types/readable-stream/-/readable-stream-4.0.23.tgz",
      "integrity": "sha512-wwXrtQvbMHxCbBgjHaMGEmImFTQxxpfMOR/ZoQnXxB1woqkUbdLGFDgauo00Py9IudiaqSeiBiulSV9i6XIPig==",
      "dev": true,
      "license": "MIT",
      "dependencies": {
        "@types/node": "*"
      }
    },
    "node_modules/@types/readdir-glob": {
      "version": "1.1.5",
      "resolved": "https://registry.npmjs.org/@types/readdir-glob/-/readdir-glob-1.1.5.tgz",
      "integrity": "sha512-raiuEPUYqXu+nvtY2Pe8s8FEmZ3x5yAH4VkLdihcPdalvsHltomrRC9BzuStrJ9yk06470hS0Crw0f1pXqD+Hg==",
      "dev": true,
      "license": "MIT",
      "dependencies": {
        "@types/node": "*"
      }
    },
    "node_modules/@types/send": {
      "version": "1.2.1",
      "resolved": "https://registry.npmjs.org/@types/send/-/send-1.2.1.tgz",
      "integrity": "sha512-arsCikDvlU99zl1g69TcAB3mzZPpxgw0UQnaHeC1Nwb015xp8bknZv5rIfri9xTOcMuaVgvabfIRA7PSZVuZIQ==",
      "dev": true,
      "license": "MIT",
      "dependencies": {
        "@types/node": "*"
      }
    },
    "node_modules/@types/serve-static": {
      "version": "2.2.0",
      "resolved": "https://registry.npmjs.org/@types/serve-static/-/serve-static-2.2.0.tgz",
      "integrity": "sha512-8mam4H1NHLtu7nmtalF7eyBH14QyOASmcxHhSfEoRyr0nP/YdoesEtU+uSRvMe96TW/HPTtkoKqQLl53N7UXMQ==",
      "dev": true,
      "license": "MIT",
      "dependencies": {
        "@types/http-errors": "*",
        "@types/node": "*"
      }
    },
    "node_modules/@types/ssh2": {
      "version": "1.15.5",
      "resolved": "https://registry.npmjs.org/@types/ssh2/-/ssh2-1.15.5.tgz",
      "integrity": "sha512-N1ASjp/nXH3ovBHddRJpli4ozpk6UdDYIX4RJWFa9L1YKnzdhTlVmiGHm4DZnj/jLbqZpes4aeR30EFGQtvhQQ==",
      "dev": true,
      "license": "MIT",
      "dependencies": {
        "@types/node": "^18.11.18"
      }
    },
    "node_modules/@types/ssh2/node_modules/@types/node": {
      "version": "18.19.130",
      "resolved": "https://registry.npmjs.org/@types/node/-/node-18.19.130.tgz",
      "integrity": "sha512-GRaXQx6jGfL8sKfaIDD6OupbIHBr9jv7Jnaml9tB7l4v068PAOXqfcujMMo5PhbIs6ggR1XODELqahT2R8v0fg==",
      "dev": true,
      "license": "MIT",
      "dependencies": {
        "undici-types": "~5.26.4"
      }
    },
    "node_modules/@types/ssh2/node_modules/undici-types": {
      "version": "5.26.5",
      "resolved": "https://registry.npmjs.org/undici-types/-/undici-types-5.26.5.tgz",
      "integrity": "sha512-JlCMO+ehdEIKqlFxk6IfVoAUVmgz7cU7zD/h9XZ0qzeosSHmUJVOzSQvvYSYWXkFXC+IfLKSIffhv0sVZup6pA==",
      "dev": true,
      "license": "MIT"
    },
    "node_modules/@types/tar-stream": {
      "version": "3.1.4",
      "resolved": "https://registry.npmjs.org/@types/tar-stream/-/tar-stream-3.1.4.tgz",
      "integrity": "sha512-921gW0+g29mCJX0fRvqeHzBlE/XclDaAG0Ousy1LCghsOhvaKacDeRGEVzQP9IPfKn8Vysy7FEXAIxycpc/CMg==",
      "dev": true,
      "license": "MIT",
      "dependencies": {
        "@types/node": "*"
      }
    },
    "node_modules/@types/vary": {
      "version": "1.1.3",
      "resolved": "https://registry.npmjs.org/@types/vary/-/vary-1.1.3.tgz",
      "integrity": "sha512-XJT8/ZQCL7NUut9QDLf6l24JfAEl7bnNdgxfj50cHIpEPRJLHHDDFOAq6i+GsEmeFfH7NamhBE4c4Thtb2egWg==",
      "dev": true,
      "license": "MIT",
      "dependencies": {
        "@types/node": "*"
      }
    },
    "node_modules/@types/ws": {
      "version": "8.18.1",
      "resolved": "https://registry.npmjs.org/@types/ws/-/ws-8.18.1.tgz",
      "integrity": "sha512-ThVF6DCVhA8kUGy+aazFQ4kXQ7E1Ty7A3ypFOe0IcJV8O/M511G99AW24irKrW56Wt44yG9+ij8FaqoBGkuBXg==",
      "dev": true,
      "license": "MIT",
      "dependencies": {
        "@types/node": "*"
      }
    },
    "node_modules/@types/zip-stream": {
      "version": "7.0.0",
      "resolved": "https://registry.npmjs.org/@types/zip-stream/-/zip-stream-7.0.0.tgz",
      "integrity": "sha512-lU8b0uAYlw8U7gnQ0tgH91DMMX99Gdh7350YDtBEKW0A2LB6NIFub7Bep3oaEuqiiyEYMOZtUShrmgyWcxy/+Q==",
      "dev": true,
      "license": "MIT",
      "dependencies": {
        "@types/compress-commons": "*",
        "@types/node": "*",
        "@types/readable-stream": "*"
      }
    },
    "node_modules/csstype": {
      "version": "3.2.3",
      "resolved": "https://registry.npmjs.org/csstype/-/csstype-3.2.3.tgz",
      "integrity": "sha512-z1HGKcYy2xA8AGQfwrn0PAy+PB7X/GSj3UVJW9qKyn43xWa+gl5nXmU4qqLMRzWVLFC8KusUX8T/0kCiOYpAIQ==",
      "dev": true,
      "license": "MIT"
    },
    "node_modules/types-registry": {
      "version": "0.1.769",
      "resolved": "https://registry.npmjs.org/types-registry/-/types-registry-0.1.769.tgz",
      "integrity": "sha512-1qfO3k2onnZ4sn9soP2LqbMwgF3RMe+qQA1nNT4IWzNY2fo4MzAyMuNp9+Gug+DerYphxqZlyISRIVsmPn4L6g==",
      "license": "MIT"
    },
    "node_modules/undici-types": {
      "version": "7.21.0",
      "resolved": "https://registry.npmjs.org/undici-types/-/undici-types-7.21.0.tgz",
      "integrity": "sha512-w9IMgQrz4O0YN1LtB7K5P63vhlIOvC7opSmouCJ+ZywlPAlO9gIkJ+otk6LvGpAs2wg4econaCz3TvQ9xPoyuQ==",
      "dev": true,
      "license": "MIT"
    }
  }
}
